// !$*UTF8*$!
{
	archiveVersion = 1;
	classes = {
	};
	objectVersion = 46;
	objects = {

/* Begin PBXBuildFile section */
		CB3D4A161BD6011900A907F1 /* KMCMainViewController.m in Sources */ = {isa = PBXBuildFile; fileRef = CB3D4A151BD6011900A907F1 /* KMCMainViewController.m */; };
		CB3D4A191BD60A7400A907F1 /* KMCIssuesViewController.m in Sources */ = {isa = PBXBuildFile; fileRef = CB3D4A181BD60A7400A907F1 /* KMCIssuesViewController.m */; };
		CB3D4A1C1BD613B300A907F1 /* KMCRootViewController.m in Sources */ = {isa = PBXBuildFile; fileRef = CB3D4A1B1BD613B300A907F1 /* KMCRootViewController.m */; };
		CB5B2B841BE2B9E90088B32E /* KMCSurveyViewController.m in Sources */ = {isa = PBXBuildFile; fileRef = CB5B2B831BE2B9E90088B32E /* KMCSurveyViewController.m */; };
		CB5B2B881BE53F6E0088B32E /* KMCSurveyCollectionViewCell.m in Sources */ = {isa = PBXBuildFile; fileRef = CB5B2B871BE53F6E0088B32E /* KMCSurveyCollectionViewCell.m */; };
		CB5B2B8B1BE876080088B32E /* KMCNewUserDetailsViewController.m in Sources */ = {isa = PBXBuildFile; fileRef = CB5B2B8A1BE876080088B32E /* KMCNewUserDetailsViewController.m */; };
		CB60A3791BCD8F8C001690BE /* main.m in Sources */ = {isa = PBXBuildFile; fileRef = CB60A3781BCD8F8C001690BE /* main.m */; };
		CB60A37C1BCD8F8C001690BE /* AppDelegate.m in Sources */ = {isa = PBXBuildFile; fileRef = CB60A37B1BCD8F8C001690BE /* AppDelegate.m */; };
		CB60A37F1BCD8F8C001690BE /* KMCSignInViewController.m in Sources */ = {isa = PBXBuildFile; fileRef = CB60A37E1BCD8F8C001690BE /* KMCSignInViewController.m */; };
		CB60A3841BCD8F8C001690BE /* Assets.xcassets in Resources */ = {isa = PBXBuildFile; fileRef = CB60A3831BCD8F8C001690BE /* Assets.xcassets */; };
		CB60A3871BCD8F8C001690BE /* LaunchScreen.storyboard in Resources */ = {isa = PBXBuildFile; fileRef = CB60A3851BCD8F8C001690BE /* LaunchScreen.storyboard */; };
		CB60A38F1BCD906D001690BE /* AudioToolbox.framework in Frameworks */ = {isa = PBXBuildFile; fileRef = CB60A38E1BCD906D001690BE /* AudioToolbox.framework */; };
		CB60A3971BCD9092001690BE /* CFNetwork.framework in Frameworks */ = {isa = PBXBuildFile; fileRef = CB60A3901BCD9092001690BE /* CFNetwork.framework */; };
		CB60A3981BCD9092001690BE /* CoreGraphics.framework in Frameworks */ = {isa = PBXBuildFile; fileRef = CB60A3911BCD9092001690BE /* CoreGraphics.framework */; };
		CB60A3991BCD9092001690BE /* CoreLocation.framework in Frameworks */ = {isa = PBXBuildFile; fileRef = CB60A3921BCD9092001690BE /* CoreLocation.framework */; };
		CB60A39A1BCD9092001690BE /* QuartzCore.framework in Frameworks */ = {isa = PBXBuildFile; fileRef = CB60A3931BCD9092001690BE /* QuartzCore.framework */; };
		CB60A39B1BCD9092001690BE /* Security.framework in Frameworks */ = {isa = PBXBuildFile; fileRef = CB60A3941BCD9092001690BE /* Security.framework */; };
		CB60A39C1BCD9092001690BE /* StoreKit.framework in Frameworks */ = {isa = PBXBuildFile; fileRef = CB60A3951BCD9092001690BE /* StoreKit.framework */; };
		CB60A39D1BCD9092001690BE /* SystemConfiguration.framework in Frameworks */ = {isa = PBXBuildFile; fileRef = CB60A3961BCD9092001690BE /* SystemConfiguration.framework */; };
		CB60A39F1BCD90A2001690BE /* libz.1.dylib in Frameworks */ = {isa = PBXBuildFile; fileRef = CB60A39E1BCD90A2001690BE /* libz.1.dylib */; };
		CB60A3A11BCD90B1001690BE /* libsqlite3.dylib in Frameworks */ = {isa = PBXBuildFile; fileRef = CB60A3A01BCD90B1001690BE /* libsqlite3.dylib */; };
		CB60A3A41BCD90F8001690BE /* Bolts.framework in Frameworks */ = {isa = PBXBuildFile; fileRef = CB60A3A31BCD90F8001690BE /* Bolts.framework */; };
		CB60A3A61BCD9100001690BE /* Parse.framework in Frameworks */ = {isa = PBXBuildFile; fileRef = CB60A3A51BCD9100001690BE /* Parse.framework */; };
		CBA6520F1BD30B27000EFAEC /* FBSDKCoreKit.framework in Frameworks */ = {isa = PBXBuildFile; fileRef = CBA6520C1BD30B27000EFAEC /* FBSDKCoreKit.framework */; };
		CBA652101BD30B27000EFAEC /* FBSDKLoginKit.framework in Frameworks */ = {isa = PBXBuildFile; fileRef = CBA6520D1BD30B27000EFAEC /* FBSDKLoginKit.framework */; };
		CBA652111BD30B27000EFAEC /* FBSDKShareKit.framework in Frameworks */ = {isa = PBXBuildFile; fileRef = CBA6520E1BD30B27000EFAEC /* FBSDKShareKit.framework */; };
		CBA652131BD30C2D000EFAEC /* ParseFacebookUtilsV4.framework in Frameworks */ = {isa = PBXBuildFile; fileRef = CBA652121BD30C2D000EFAEC /* ParseFacebookUtilsV4.framework */; };
		CBA652151BD3137E000EFAEC /* ParseUI.framework in Frameworks */ = {isa = PBXBuildFile; fileRef = CBA652141BD3137E000EFAEC /* ParseUI.framework */; };
		CBA652181BD3273E000EFAEC /* KMCUserProfileViewController.m in Sources */ = {isa = PBXBuildFile; fileRef = CBA652171BD3273E000EFAEC /* KMCUserProfileViewController.m */; };
		CBC10A741BDBFBD900FABAF4 /* UserTabIcon@2x.png in Resources */ = {isa = PBXBuildFile; fileRef = CBC10A731BDBFBD900FABAF4 /* UserTabIcon@2x.png */; };
		CBC10A7D1BDBFCA700FABAF4 /* CandidatesTabIcon@1x.png in Resources */ = {isa = PBXBuildFile; fileRef = CBC10A761BDBFCA700FABAF4 /* CandidatesTabIcon@1x.png */; };
		CBC10A7E1BDBFCA700FABAF4 /* CandidatesTabIcon@2x.png in Resources */ = {isa = PBXBuildFile; fileRef = CBC10A771BDBFCA700FABAF4 /* CandidatesTabIcon@2x.png */; };
		CBC10A7F1BDBFCA700FABAF4 /* HomeTabIcon@1x.png in Resources */ = {isa = PBXBuildFile; fileRef = CBC10A781BDBFCA700FABAF4 /* HomeTabIcon@1x.png */; };
		CBC10A801BDBFCA700FABAF4 /* HomeTabIcon@2x.png in Resources */ = {isa = PBXBuildFile; fileRef = CBC10A791BDBFCA700FABAF4 /* HomeTabIcon@2x.png */; };
		CBC10A811BDBFCA700FABAF4 /* IssuesTabIcon@1x.png in Resources */ = {isa = PBXBuildFile; fileRef = CBC10A7A1BDBFCA700FABAF4 /* IssuesTabIcon@1x.png */; };
		CBC10A821BDBFCA700FABAF4 /* IssuesTabIcon@2x.png in Resources */ = {isa = PBXBuildFile; fileRef = CBC10A7B1BDBFCA700FABAF4 /* IssuesTabIcon@2x.png */; };
		CBC10A831BDBFCA700FABAF4 /* UserTabIcon@1x.png in Resources */ = {isa = PBXBuildFile; fileRef = CBC10A7C1BDBFCA700FABAF4 /* UserTabIcon@1x.png */; };
		CBC10A861BDBFCD800FABAF4 /* KMCAssets.m in Sources */ = {isa = PBXBuildFile; fileRef = CBC10A851BDBFCD800FABAF4 /* KMCAssets.m */; };
		CBC10A891BDBFE1200FABAF4 /* EventsTabIcon@1x.png in Resources */ = {isa = PBXBuildFile; fileRef = CBC10A871BDBFE1200FABAF4 /* EventsTabIcon@1x.png */; };
		CBC10A8A1BDBFE1200FABAF4 /* EventsTabIcon@2x.png in Resources */ = {isa = PBXBuildFile; fileRef = CBC10A881BDBFE1200FABAF4 /* EventsTabIcon@2x.png */; };
		CBC10A961BDC4A7700FABAF4 /* SignInBackground.png in Resources */ = {isa = PBXBuildFile; fileRef = CBC10A951BDC4A7700FABAF4 /* SignInBackground.png */; };
		CBC10A991BDCCDBA00FABAF4 /* KMCSignUpViewController.m in Sources */ = {isa = PBXBuildFile; fileRef = CBC10A981BDCCDBA00FABAF4 /* KMCSignUpViewController.m */; };
		CBC10A9C1BDD4FAA00FABAF4 /* BackArrow.png in Resources */ = {isa = PBXBuildFile; fileRef = CBC10A9A1BDD4FAA00FABAF4 /* BackArrow.png */; };
/* End PBXBuildFile section */

/* Begin PBXFileReference section */
		CB3D4A141BD6011900A907F1 /* KMCMainViewController.h */ = {isa = PBXFileReference; fileEncoding = 4; lastKnownFileType = sourcecode.c.h; path = KMCMainViewController.h; sourceTree = "<group>"; };
		CB3D4A151BD6011900A907F1 /* KMCMainViewController.m */ = {isa = PBXFileReference; fileEncoding = 4; lastKnownFileType = sourcecode.c.objc; path = KMCMainViewController.m; sourceTree = "<group>"; };
		CB3D4A171BD60A7400A907F1 /* KMCIssuesViewController.h */ = {isa = PBXFileReference; fileEncoding = 4; lastKnownFileType = sourcecode.c.h; path = KMCIssuesViewController.h; sourceTree = "<group>"; };
		CB3D4A181BD60A7400A907F1 /* KMCIssuesViewController.m */ = {isa = PBXFileReference; fileEncoding = 4; lastKnownFileType = sourcecode.c.objc; path = KMCIssuesViewController.m; sourceTree = "<group>"; };
		CB3D4A1A1BD613B300A907F1 /* KMCRootViewController.h */ = {isa = PBXFileReference; fileEncoding = 4; lastKnownFileType = sourcecode.c.h; path = KMCRootViewController.h; sourceTree = "<group>"; };
		CB3D4A1B1BD613B300A907F1 /* KMCRootViewController.m */ = {isa = PBXFileReference; fileEncoding = 4; lastKnownFileType = sourcecode.c.objc; path = KMCRootViewController.m; sourceTree = "<group>"; };
		CB5B2B821BE2B9E90088B32E /* KMCSurveyViewController.h */ = {isa = PBXFileReference; fileEncoding = 4; lastKnownFileType = sourcecode.c.h; path = KMCSurveyViewController.h; sourceTree = "<group>"; };
		CB5B2B831BE2B9E90088B32E /* KMCSurveyViewController.m */ = {isa = PBXFileReference; fileEncoding = 4; lastKnownFileType = sourcecode.c.objc; path = KMCSurveyViewController.m; sourceTree = "<group>"; };
		CB5B2B861BE53F6E0088B32E /* KMCSurveyCollectionViewCell.h */ = {isa = PBXFileReference; fileEncoding = 4; lastKnownFileType = sourcecode.c.h; name = KMCSurveyCollectionViewCell.h; path = Cells/KMCSurveyCollectionViewCell.h; sourceTree = "<group>"; };
		CB5B2B871BE53F6E0088B32E /* KMCSurveyCollectionViewCell.m */ = {isa = PBXFileReference; fileEncoding = 4; lastKnownFileType = sourcecode.c.objc; name = KMCSurveyCollectionViewCell.m; path = Cells/KMCSurveyCollectionViewCell.m; sourceTree = "<group>"; };
		CB5B2B891BE876080088B32E /* KMCNewUserDetailsViewController.h */ = {isa = PBXFileReference; fileEncoding = 4; lastKnownFileType = sourcecode.c.h; path = KMCNewUserDetailsViewController.h; sourceTree = "<group>"; };
		CB5B2B8A1BE876080088B32E /* KMCNewUserDetailsViewController.m */ = {isa = PBXFileReference; fileEncoding = 4; lastKnownFileType = sourcecode.c.objc; path = KMCNewUserDetailsViewController.m; sourceTree = "<group>"; };
		CB60A3741BCD8F8C001690BE /* KnowMyCandidateApp.app */ = {isa = PBXFileReference; explicitFileType = wrapper.application; includeInIndex = 0; path = KnowMyCandidateApp.app; sourceTree = BUILT_PRODUCTS_DIR; };
		CB60A3781BCD8F8C001690BE /* main.m */ = {isa = PBXFileReference; lastKnownFileType = sourcecode.c.objc; path = main.m; sourceTree = "<group>"; };
		CB60A37A1BCD8F8C001690BE /* AppDelegate.h */ = {isa = PBXFileReference; lastKnownFileType = sourcecode.c.h; path = AppDelegate.h; sourceTree = "<group>"; };
		CB60A37B1BCD8F8C001690BE /* AppDelegate.m */ = {isa = PBXFileReference; lastKnownFileType = sourcecode.c.objc; path = AppDelegate.m; sourceTree = "<group>"; };
		CB60A37D1BCD8F8C001690BE /* KMCSignInViewController.h */ = {isa = PBXFileReference; lastKnownFileType = sourcecode.c.h; path = KMCSignInViewController.h; sourceTree = "<group>"; };
		CB60A37E1BCD8F8C001690BE /* KMCSignInViewController.m */ = {isa = PBXFileReference; lastKnownFileType = sourcecode.c.objc; path = KMCSignInViewController.m; sourceTree = "<group>"; };
		CB60A3831BCD8F8C001690BE /* Assets.xcassets */ = {isa = PBXFileReference; lastKnownFileType = folder.assetcatalog; path = Assets.xcassets; sourceTree = "<group>"; };
		CB60A3861BCD8F8C001690BE /* Base */ = {isa = PBXFileReference; lastKnownFileType = file.storyboard; name = Base; path = Base.lproj/LaunchScreen.storyboard; sourceTree = "<group>"; };
		CB60A3881BCD8F8C001690BE /* Info.plist */ = {isa = PBXFileReference; lastKnownFileType = text.plist.xml; path = Info.plist; sourceTree = "<group>"; };
		CB60A38E1BCD906D001690BE /* AudioToolbox.framework */ = {isa = PBXFileReference; lastKnownFileType = wrapper.framework; name = AudioToolbox.framework; path = System/Library/Frameworks/AudioToolbox.framework; sourceTree = SDKROOT; };
		CB60A3901BCD9092001690BE /* CFNetwork.framework */ = {isa = PBXFileReference; lastKnownFileType = wrapper.framework; name = CFNetwork.framework; path = System/Library/Frameworks/CFNetwork.framework; sourceTree = SDKROOT; };
		CB60A3911BCD9092001690BE /* CoreGraphics.framework */ = {isa = PBXFileReference; lastKnownFileType = wrapper.framework; name = CoreGraphics.framework; path = System/Library/Frameworks/CoreGraphics.framework; sourceTree = SDKROOT; };
		CB60A3921BCD9092001690BE /* CoreLocation.framework */ = {isa = PBXFileReference; lastKnownFileType = wrapper.framework; name = CoreLocation.framework; path = System/Library/Frameworks/CoreLocation.framework; sourceTree = SDKROOT; };
		CB60A3931BCD9092001690BE /* QuartzCore.framework */ = {isa = PBXFileReference; lastKnownFileType = wrapper.framework; name = QuartzCore.framework; path = System/Library/Frameworks/QuartzCore.framework; sourceTree = SDKROOT; };
		CB60A3941BCD9092001690BE /* Security.framework */ = {isa = PBXFileReference; lastKnownFileType = wrapper.framework; name = Security.framework; path = System/Library/Frameworks/Security.framework; sourceTree = SDKROOT; };
		CB60A3951BCD9092001690BE /* StoreKit.framework */ = {isa = PBXFileReference; lastKnownFileType = wrapper.framework; name = StoreKit.framework; path = System/Library/Frameworks/StoreKit.framework; sourceTree = SDKROOT; };
		CB60A3961BCD9092001690BE /* SystemConfiguration.framework */ = {isa = PBXFileReference; lastKnownFileType = wrapper.framework; name = SystemConfiguration.framework; path = System/Library/Frameworks/SystemConfiguration.framework; sourceTree = SDKROOT; };
		CB60A39E1BCD90A2001690BE /* libz.1.dylib */ = {isa = PBXFileReference; lastKnownFileType = "compiled.mach-o.dylib"; name = libz.1.dylib; path = /usr/lib/libz.1.dylib; sourceTree = "<absolute>"; };
		CB60A3A01BCD90B1001690BE /* libsqlite3.dylib */ = {isa = PBXFileReference; lastKnownFileType = "compiled.mach-o.dylib"; name = libsqlite3.dylib; path = /usr/lib/libsqlite3.dylib; sourceTree = "<absolute>"; };
		CB60A3A31BCD90F8001690BE /* Bolts.framework */ = {isa = PBXFileReference; lastKnownFileType = wrapper.framework; name = Bolts.framework; path = KnowMyCandidateApp/Frameworks/Bolts.framework; sourceTree = "<group>"; };
		CB60A3A51BCD9100001690BE /* Parse.framework */ = {isa = PBXFileReference; lastKnownFileType = wrapper.framework; name = Parse.framework; path = KnowMyCandidateApp/Frameworks/Parse.framework; sourceTree = "<group>"; };
		CBA6520C1BD30B27000EFAEC /* FBSDKCoreKit.framework */ = {isa = PBXFileReference; lastKnownFileType = wrapper.framework; name = FBSDKCoreKit.framework; path = KnowMyCandidateApp/Frameworks/FBSDKCoreKit.framework; sourceTree = "<group>"; };
		CBA6520D1BD30B27000EFAEC /* FBSDKLoginKit.framework */ = {isa = PBXFileReference; lastKnownFileType = wrapper.framework; name = FBSDKLoginKit.framework; path = KnowMyCandidateApp/Frameworks/FBSDKLoginKit.framework; sourceTree = "<group>"; };
		CBA6520E1BD30B27000EFAEC /* FBSDKShareKit.framework */ = {isa = PBXFileReference; lastKnownFileType = wrapper.framework; name = FBSDKShareKit.framework; path = KnowMyCandidateApp/Frameworks/FBSDKShareKit.framework; sourceTree = "<group>"; };
		CBA652121BD30C2D000EFAEC /* ParseFacebookUtilsV4.framework */ = {isa = PBXFileReference; lastKnownFileType = wrapper.framework; name = ParseFacebookUtilsV4.framework; path = KnowMyCandidateApp/Frameworks/ParseFacebookUtilsV4.framework; sourceTree = "<group>"; };
		CBA652141BD3137E000EFAEC /* ParseUI.framework */ = {isa = PBXFileReference; lastKnownFileType = wrapper.framework; name = ParseUI.framework; path = KnowMyCandidateApp/Frameworks/ParseUI.framework; sourceTree = "<group>"; };
		CBA652161BD3273E000EFAEC /* KMCUserProfileViewController.h */ = {isa = PBXFileReference; fileEncoding = 4; lastKnownFileType = sourcecode.c.h; path = KMCUserProfileViewController.h; sourceTree = "<group>"; };
		CBA652171BD3273E000EFAEC /* KMCUserProfileViewController.m */ = {isa = PBXFileReference; fileEncoding = 4; lastKnownFileType = sourcecode.c.objc; path = KMCUserProfileViewController.m; sourceTree = "<group>"; };
		CBC10A731BDBFBD900FABAF4 /* UserTabIcon@2x.png */ = {isa = PBXFileReference; lastKnownFileType = image.png; name = "UserTabIcon@2x.png"; path = "Images/UserTabIcon@2x.png"; sourceTree = "<group>"; };
		CBC10A761BDBFCA700FABAF4 /* CandidatesTabIcon@1x.png */ = {isa = PBXFileReference; lastKnownFileType = image.png; name = "CandidatesTabIcon@1x.png"; path = "Images/CandidatesTabIcon@1x.png"; sourceTree = "<group>"; };
		CBC10A771BDBFCA700FABAF4 /* CandidatesTabIcon@2x.png */ = {isa = PBXFileReference; lastKnownFileType = image.png; name = "CandidatesTabIcon@2x.png"; path = "Images/CandidatesTabIcon@2x.png"; sourceTree = "<group>"; };
		CBC10A781BDBFCA700FABAF4 /* HomeTabIcon@1x.png */ = {isa = PBXFileReference; lastKnownFileType = image.png; name = "HomeTabIcon@1x.png"; path = "Images/HomeTabIcon@1x.png"; sourceTree = "<group>"; };
		CBC10A791BDBFCA700FABAF4 /* HomeTabIcon@2x.png */ = {isa = PBXFileReference; lastKnownFileType = image.png; name = "HomeTabIcon@2x.png"; path = "Images/HomeTabIcon@2x.png"; sourceTree = "<group>"; };
		CBC10A7A1BDBFCA700FABAF4 /* IssuesTabIcon@1x.png */ = {isa = PBXFileReference; lastKnownFileType = image.png; name = "IssuesTabIcon@1x.png"; path = "Images/IssuesTabIcon@1x.png"; sourceTree = "<group>"; };
		CBC10A7B1BDBFCA700FABAF4 /* IssuesTabIcon@2x.png */ = {isa = PBXFileReference; lastKnownFileType = image.png; name = "IssuesTabIcon@2x.png"; path = "Images/IssuesTabIcon@2x.png"; sourceTree = "<group>"; };
		CBC10A7C1BDBFCA700FABAF4 /* UserTabIcon@1x.png */ = {isa = PBXFileReference; lastKnownFileType = image.png; name = "UserTabIcon@1x.png"; path = "Images/UserTabIcon@1x.png"; sourceTree = "<group>"; };
		CBC10A841BDBFCD800FABAF4 /* KMCAssets.h */ = {isa = PBXFileReference; fileEncoding = 4; lastKnownFileType = sourcecode.c.h; path = KMCAssets.h; sourceTree = "<group>"; };
		CBC10A851BDBFCD800FABAF4 /* KMCAssets.m */ = {isa = PBXFileReference; fileEncoding = 4; lastKnownFileType = sourcecode.c.objc; path = KMCAssets.m; sourceTree = "<group>"; };
		CBC10A871BDBFE1200FABAF4 /* EventsTabIcon@1x.png */ = {isa = PBXFileReference; lastKnownFileType = image.png; name = "EventsTabIcon@1x.png"; path = "Images/EventsTabIcon@1x.png"; sourceTree = "<group>"; };
		CBC10A881BDBFE1200FABAF4 /* EventsTabIcon@2x.png */ = {isa = PBXFileReference; lastKnownFileType = image.png; name = "EventsTabIcon@2x.png"; path = "Images/EventsTabIcon@2x.png"; sourceTree = "<group>"; };
		CBC10A951BDC4A7700FABAF4 /* SignInBackground.png */ = {isa = PBXFileReference; lastKnownFileType = image.png; name = SignInBackground.png; path = Images/SignInBackground.png; sourceTree = "<group>"; };
		CBC10A971BDCCDBA00FABAF4 /* KMCSignUpViewController.h */ = {isa = PBXFileReference; fileEncoding = 4; lastKnownFileType = sourcecode.c.h; path = KMCSignUpViewController.h; sourceTree = "<group>"; };
		CBC10A981BDCCDBA00FABAF4 /* KMCSignUpViewController.m */ = {isa = PBXFileReference; fileEncoding = 4; lastKnownFileType = sourcecode.c.objc; path = KMCSignUpViewController.m; sourceTree = "<group>"; };
		CBC10A9A1BDD4FAA00FABAF4 /* BackArrow.png */ = {isa = PBXFileReference; lastKnownFileType = image.png; name = BackArrow.png; path = Images/BackArrow.png; sourceTree = "<group>"; };
/* End PBXFileReference section */

/* Begin PBXFrameworksBuildPhase section */
		CB60A3711BCD8F8C001690BE /* Frameworks */ = {
			isa = PBXFrameworksBuildPhase;
			buildActionMask = 2147483647;
			files = (
				CB60A3A11BCD90B1001690BE /* libsqlite3.dylib in Frameworks */,
				CB60A39F1BCD90A2001690BE /* libz.1.dylib in Frameworks */,
				CBA652111BD30B27000EFAEC /* FBSDKShareKit.framework in Frameworks */,
				CB60A3971BCD9092001690BE /* CFNetwork.framework in Frameworks */,
				CB60A3981BCD9092001690BE /* CoreGraphics.framework in Frameworks */,
				CBA652101BD30B27000EFAEC /* FBSDKLoginKit.framework in Frameworks */,
				CB60A3991BCD9092001690BE /* CoreLocation.framework in Frameworks */,
				CB60A39A1BCD9092001690BE /* QuartzCore.framework in Frameworks */,
				CB60A39B1BCD9092001690BE /* Security.framework in Frameworks */,
				CBA652151BD3137E000EFAEC /* ParseUI.framework in Frameworks */,
				CB60A39C1BCD9092001690BE /* StoreKit.framework in Frameworks */,
				CBA652131BD30C2D000EFAEC /* ParseFacebookUtilsV4.framework in Frameworks */,
				CBA6520F1BD30B27000EFAEC /* FBSDKCoreKit.framework in Frameworks */,
				CB60A3A41BCD90F8001690BE /* Bolts.framework in Frameworks */,
				CB60A39D1BCD9092001690BE /* SystemConfiguration.framework in Frameworks */,
				CB60A3A61BCD9100001690BE /* Parse.framework in Frameworks */,
				CB60A38F1BCD906D001690BE /* AudioToolbox.framework in Frameworks */,
			);
			runOnlyForDeploymentPostprocessing = 0;
		};
/* End PBXFrameworksBuildPhase section */

/* Begin PBXGroup section */
		CB5B2B851BE53F400088B32E /* Cells */ = {
			isa = PBXGroup;
			children = (
				CB5B2B861BE53F6E0088B32E /* KMCSurveyCollectionViewCell.h */,
				CB5B2B871BE53F6E0088B32E /* KMCSurveyCollectionViewCell.m */,
			);
			name = Cells;
			sourceTree = "<group>";
		};
		CB60A36B1BCD8F8C001690BE = {
			isa = PBXGroup;
			children = (
				CB60A3761BCD8F8C001690BE /* KnowMyCandidateApp */,
				CB60A3751BCD8F8C001690BE /* Products */,
			);
			sourceTree = "<group>";
		};
		CB60A3751BCD8F8C001690BE /* Products */ = {
			isa = PBXGroup;
			children = (
				CB60A3741BCD8F8C001690BE /* KnowMyCandidateApp.app */,
			);
			name = Products;
			sourceTree = "<group>";
		};
		CB60A3761BCD8F8C001690BE /* KnowMyCandidateApp */ = {
			isa = PBXGroup;
			children = (
				CB5B2B851BE53F400088B32E /* Cells */,
				CB60A37A1BCD8F8C001690BE /* AppDelegate.h */,
				CB60A37B1BCD8F8C001690BE /* AppDelegate.m */,
				CBC10A841BDBFCD800FABAF4 /* KMCAssets.h */,
				CBC10A851BDBFCD800FABAF4 /* KMCAssets.m */,
				CB3D4A141BD6011900A907F1 /* KMCMainViewController.h */,
				CB3D4A151BD6011900A907F1 /* KMCMainViewController.m */,
				CB3D4A171BD60A7400A907F1 /* KMCIssuesViewController.h */,
				CB3D4A181BD60A7400A907F1 /* KMCIssuesViewController.m */,
				CB5B2B891BE876080088B32E /* KMCNewUserDetailsViewController.h */,
				CB5B2B8A1BE876080088B32E /* KMCNewUserDetailsViewController.m */,
				CB3D4A1A1BD613B300A907F1 /* KMCRootViewController.h */,
				CB3D4A1B1BD613B300A907F1 /* KMCRootViewController.m */,
				CB60A37D1BCD8F8C001690BE /* KMCSignInViewController.h */,
				CB60A37E1BCD8F8C001690BE /* KMCSignInViewController.m */,
				CBC10A971BDCCDBA00FABAF4 /* KMCSignUpViewController.h */,
				CBC10A981BDCCDBA00FABAF4 /* KMCSignUpViewController.m */,
				CB5B2B821BE2B9E90088B32E /* KMCSurveyViewController.h */,
				CB5B2B831BE2B9E90088B32E /* KMCSurveyViewController.m */,
				CBA652161BD3273E000EFAEC /* KMCUserProfileViewController.h */,
				CBA652171BD3273E000EFAEC /* KMCUserProfileViewController.m */,
				CB60A3831BCD8F8C001690BE /* Assets.xcassets */,
				CB60A3851BCD8F8C001690BE /* LaunchScreen.storyboard */,
				CB60A3881BCD8F8C001690BE /* Info.plist */,
				CBC10A751BDBFBDD00FABAF4 /* Icons */,
				CB60A3A21BCD90BF001690BE /* Frameworks */,
				CB60A3771BCD8F8C001690BE /* Supporting Files */,
			);
			path = KnowMyCandidateApp;
			sourceTree = "<group>";
		};
		CB60A3771BCD8F8C001690BE /* Supporting Files */ = {
			isa = PBXGroup;
			children = (
				CB60A3781BCD8F8C001690BE /* main.m */,
			);
			name = "Supporting Files";
			sourceTree = "<group>";
		};
		CB60A3A21BCD90BF001690BE /* Frameworks */ = {
			isa = PBXGroup;
			children = (
				CBA652141BD3137E000EFAEC /* ParseUI.framework */,
				CBA652121BD30C2D000EFAEC /* ParseFacebookUtilsV4.framework */,
				CBA6520C1BD30B27000EFAEC /* FBSDKCoreKit.framework */,
				CBA6520D1BD30B27000EFAEC /* FBSDKLoginKit.framework */,
				CBA6520E1BD30B27000EFAEC /* FBSDKShareKit.framework */,
				CB60A3A51BCD9100001690BE /* Parse.framework */,
				CB60A3A31BCD90F8001690BE /* Bolts.framework */,
				CB60A3A01BCD90B1001690BE /* libsqlite3.dylib */,
				CB60A39E1BCD90A2001690BE /* libz.1.dylib */,
				CB60A3901BCD9092001690BE /* CFNetwork.framework */,
				CB60A3911BCD9092001690BE /* CoreGraphics.framework */,
				CB60A3921BCD9092001690BE /* CoreLocation.framework */,
				CB60A3931BCD9092001690BE /* QuartzCore.framework */,
				CB60A3941BCD9092001690BE /* Security.framework */,
				CB60A3951BCD9092001690BE /* StoreKit.framework */,
				CB60A3961BCD9092001690BE /* SystemConfiguration.framework */,
				CB60A38E1BCD906D001690BE /* AudioToolbox.framework */,
			);
			name = Frameworks;
			path = ..;
			sourceTree = "<group>";
		};
		CBC10A751BDBFBDD00FABAF4 /* Icons */ = {
			isa = PBXGroup;
			children = (
				CBC10A9A1BDD4FAA00FABAF4 /* BackArrow.png */,
				CBC10A761BDBFCA700FABAF4 /* CandidatesTabIcon@1x.png */,
				CBC10A771BDBFCA700FABAF4 /* CandidatesTabIcon@2x.png */,
				CBC10A871BDBFE1200FABAF4 /* EventsTabIcon@1x.png */,
				CBC10A881BDBFE1200FABAF4 /* EventsTabIcon@2x.png */,
				CBC10A781BDBFCA700FABAF4 /* HomeTabIcon@1x.png */,
				CBC10A791BDBFCA700FABAF4 /* HomeTabIcon@2x.png */,
				CBC10A7A1BDBFCA700FABAF4 /* IssuesTabIcon@1x.png */,
				CBC10A7B1BDBFCA700FABAF4 /* IssuesTabIcon@2x.png */,
				CBC10A7C1BDBFCA700FABAF4 /* UserTabIcon@1x.png */,
				CBC10A731BDBFBD900FABAF4 /* UserTabIcon@2x.png */,
				CBC10A951BDC4A7700FABAF4 /* SignInBackground.png */,
			);
			name = Icons;
			sourceTree = "<group>";
		};
/* End PBXGroup section */

/* Begin PBXNativeTarget section */
		CB60A3731BCD8F8C001690BE /* KnowMyCandidateApp */ = {
			isa = PBXNativeTarget;
			buildConfigurationList = CB60A38B1BCD8F8C001690BE /* Build configuration list for PBXNativeTarget "KnowMyCandidateApp" */;
			buildPhases = (
				CB60A3701BCD8F8C001690BE /* Sources */,
				CB60A3711BCD8F8C001690BE /* Frameworks */,
				CB60A3721BCD8F8C001690BE /* Resources */,
			);
			buildRules = (
			);
			dependencies = (
			);
			name = KnowMyCandidateApp;
			productName = KnowMyCandidateApp;
			productReference = CB60A3741BCD8F8C001690BE /* KnowMyCandidateApp.app */;
			productType = "com.apple.product-type.application";
		};
/* End PBXNativeTarget section */

/* Begin PBXProject section */
		CB60A36C1BCD8F8C001690BE /* Project object */ = {
			isa = PBXProject;
			attributes = {
				LastUpgradeCheck = 0700;
				ORGANIZATIONNAME = "Samir Choudhary";
				TargetAttributes = {
					CB60A3731BCD8F8C001690BE = {
						CreatedOnToolsVersion = 7.0.1;
					};
				};
			};
			buildConfigurationList = CB60A36F1BCD8F8C001690BE /* Build configuration list for PBXProject "KnowMyCandidateApp" */;
			compatibilityVersion = "Xcode 3.2";
			developmentRegion = English;
			hasScannedForEncodings = 0;
			knownRegions = (
				en,
				Base,
			);
			mainGroup = CB60A36B1BCD8F8C001690BE;
			productRefGroup = CB60A3751BCD8F8C001690BE /* Products */;
			projectDirPath = "";
			projectRoot = "";
			targets = (
				CB60A3731BCD8F8C001690BE /* KnowMyCandidateApp */,
			);
		};
/* End PBXProject section */

/* Begin PBXResourcesBuildPhase section */
		CB60A3721BCD8F8C001690BE /* Resources */ = {
			isa = PBXResourcesBuildPhase;
			buildActionMask = 2147483647;
			files = (
				CBC10A7D1BDBFCA700FABAF4 /* CandidatesTabIcon@1x.png in Resources */,
				CBC10A801BDBFCA700FABAF4 /* HomeTabIcon@2x.png in Resources */,
				CBC10A821BDBFCA700FABAF4 /* IssuesTabIcon@2x.png in Resources */,
				CBC10A831BDBFCA700FABAF4 /* UserTabIcon@1x.png in Resources */,
				CB60A3871BCD8F8C001690BE /* LaunchScreen.storyboard in Resources */,
				CBC10A741BDBFBD900FABAF4 /* UserTabIcon@2x.png in Resources */,
				CBC10A7F1BDBFCA700FABAF4 /* HomeTabIcon@1x.png in Resources */,
				CBC10A811BDBFCA700FABAF4 /* IssuesTabIcon@1x.png in Resources */,
				CB60A3841BCD8F8C001690BE /* Assets.xcassets in Resources */,
				CBC10A7E1BDBFCA700FABAF4 /* CandidatesTabIcon@2x.png in Resources */,
				CBC10A9C1BDD4FAA00FABAF4 /* BackArrow.png in Resources */,
				CBC10A8A1BDBFE1200FABAF4 /* EventsTabIcon@2x.png in Resources */,
				CBC10A961BDC4A7700FABAF4 /* SignInBackground.png in Resources */,
				CBC10A891BDBFE1200FABAF4 /* EventsTabIcon@1x.png in Resources */,
			);
			runOnlyForDeploymentPostprocessing = 0;
		};
/* End PBXResourcesBuildPhase section */

/* Begin PBXSourcesBuildPhase section */
		CB60A3701BCD8F8C001690BE /* Sources */ = {
			isa = PBXSourcesBuildPhase;
			buildActionMask = 2147483647;
			files = (
				CB5B2B841BE2B9E90088B32E /* KMCSurveyViewController.m in Sources */,
				CB5B2B881BE53F6E0088B32E /* KMCSurveyCollectionViewCell.m in Sources */,
				CB3D4A161BD6011900A907F1 /* KMCMainViewController.m in Sources */,
				CB60A37F1BCD8F8C001690BE /* KMCSignInViewController.m in Sources */,
				CB60A37C1BCD8F8C001690BE /* AppDelegate.m in Sources */,
				CBC10A991BDCCDBA00FABAF4 /* KMCSignUpViewController.m in Sources */,
				CB60A3791BCD8F8C001690BE /* main.m in Sources */,
				CBC10A861BDBFCD800FABAF4 /* KMCAssets.m in Sources */,
				CBA652181BD3273E000EFAEC /* KMCUserProfileViewController.m in Sources */,
				CB3D4A1C1BD613B300A907F1 /* KMCRootViewController.m in Sources */,
				CB3D4A191BD60A7400A907F1 /* KMCIssuesViewController.m in Sources */,
				CB5B2B8B1BE876080088B32E /* KMCNewUserDetailsViewController.m in Sources */,
			);
			runOnlyForDeploymentPostprocessing = 0;
		};
/* End PBXSourcesBuildPhase section */

/* Begin PBXVariantGroup section */
		CB60A3851BCD8F8C001690BE /* LaunchScreen.storyboard */ = {
			isa = PBXVariantGroup;
			children = (
				CB60A3861BCD8F8C001690BE /* Base */,
			);
			name = LaunchScreen.storyboard;
			sourceTree = "<group>";
		};
/* End PBXVariantGroup section */

/* Begin XCBuildConfiguration section */
		CB60A3891BCD8F8C001690BE /* Debug */ = {
			isa = XCBuildConfiguration;
			buildSettings = {
				ALWAYS_SEARCH_USER_PATHS = NO;
				CLANG_CXX_LANGUAGE_STANDARD = "gnu++0x";
				CLANG_CXX_LIBRARY = "libc++";
				CLANG_ENABLE_MODULES = YES;
				CLANG_ENABLE_OBJC_ARC = YES;
				CLANG_WARN_BOOL_CONVERSION = YES;
				CLANG_WARN_CONSTANT_CONVERSION = YES;
				CLANG_WARN_DIRECT_OBJC_ISA_USAGE = YES_ERROR;
				CLANG_WARN_EMPTY_BODY = YES;
				CLANG_WARN_ENUM_CONVERSION = YES;
				CLANG_WARN_INT_CONVERSION = YES;
				CLANG_WARN_OBJC_ROOT_CLASS = YES_ERROR;
				CLANG_WARN_UNREACHABLE_CODE = YES;
				CLANG_WARN__DUPLICATE_METHOD_MATCH = YES;
				"CODE_SIGN_IDENTITY[sdk=iphoneos*]" = "iPhone Developer";
				COPY_PHASE_STRIP = NO;
				DEBUG_INFORMATION_FORMAT = dwarf;
				ENABLE_STRICT_OBJC_MSGSEND = YES;
				ENABLE_TESTABILITY = YES;
				GCC_C_LANGUAGE_STANDARD = gnu99;
				GCC_DYNAMIC_NO_PIC = NO;
				GCC_NO_COMMON_BLOCKS = YES;
				GCC_OPTIMIZATION_LEVEL = 0;
				GCC_PREPROCESSOR_DEFINITIONS = (
					"DEBUG=1",
					"$(inherited)",
				);
				GCC_WARN_64_TO_32_BIT_CONVERSION = YES;
				GCC_WARN_ABOUT_RETURN_TYPE = YES_ERROR;
				GCC_WARN_UNDECLARED_SELECTOR = YES;
				GCC_WARN_UNINITIALIZED_AUTOS = YES_AGGRESSIVE;
				GCC_WARN_UNUSED_FUNCTION = YES;
				GCC_WARN_UNUSED_VARIABLE = YES;
				IPHONEOS_DEPLOYMENT_TARGET = 9.0;
				MTL_ENABLE_DEBUG_INFO = YES;
				ONLY_ACTIVE_ARCH = YES;
				SDKROOT = iphoneos;
			};
			name = Debug;
		};
		CB60A38A1BCD8F8C001690BE /* Release */ = {
			isa = XCBuildConfiguration;
			buildSettings = {
				ALWAYS_SEARCH_USER_PATHS = NO;
				CLANG_CXX_LANGUAGE_STANDARD = "gnu++0x";
				CLANG_CXX_LIBRARY = "libc++";
				CLANG_ENABLE_MODULES = YES;
				CLANG_ENABLE_OBJC_ARC = YES;
				CLANG_WARN_BOOL_CONVERSION = YES;
				CLANG_WARN_CONSTANT_CONVERSION = YES;
				CLANG_WARN_DIRECT_OBJC_ISA_USAGE = YES_ERROR;
				CLANG_WARN_EMPTY_BODY = YES;
				CLANG_WARN_ENUM_CONVERSION = YES;
				CLANG_WARN_INT_CONVERSION = YES;
				CLANG_WARN_OBJC_ROOT_CLASS = YES_ERROR;
				CLANG_WARN_UNREACHABLE_CODE = YES;
				CLANG_WARN__DUPLICATE_METHOD_MATCH = YES;
				"CODE_SIGN_IDENTITY[sdk=iphoneos*]" = "iPhone Developer";
				COPY_PHASE_STRIP = NO;
				DEBUG_INFORMATION_FORMAT = "dwarf-with-dsym";
				ENABLE_NS_ASSERTIONS = NO;
				ENABLE_STRICT_OBJC_MSGSEND = YES;
				GCC_C_LANGUAGE_STANDARD = gnu99;
				GCC_NO_COMMON_BLOCKS = YES;
				GCC_WARN_64_TO_32_BIT_CONVERSION = YES;
				GCC_WARN_ABOUT_RETURN_TYPE = YES_ERROR;
				GCC_WARN_UNDECLARED_SELECTOR = YES;
				GCC_WARN_UNINITIALIZED_AUTOS = YES_AGGRESSIVE;
				GCC_WARN_UNUSED_FUNCTION = YES;
				GCC_WARN_UNUSED_VARIABLE = YES;
				IPHONEOS_DEPLOYMENT_TARGET = 9.0;
				MTL_ENABLE_DEBUG_INFO = NO;
				SDKROOT = iphoneos;
				VALIDATE_PRODUCT = YES;
			};
			name = Release;
		};
		CB60A38C1BCD8F8C001690BE /* Debug */ = {
			isa = XCBuildConfiguration;
			buildSettings = {
				ASSETCATALOG_COMPILER_APPICON_NAME = AppIcon;
				FRAMEWORK_SEARCH_PATHS = (
					"$(inherited)",
					"$(PROJECT_DIR)/KnowMyCandidateApp/Frameworks",
				);
				INFOPLIST_FILE = KnowMyCandidateApp/Info.plist;
				LD_RUNPATH_SEARCH_PATHS = "$(inherited) @executable_path/Frameworks";
				PRODUCT_BUNDLE_IDENTIFIER = ucla.KnowMyCandidateApp;
				PRODUCT_NAME = "$(TARGET_NAME)";
			};
			name = Debug;
		};
		CB60A38D1BCD8F8C001690BE /* Release */ = {
			isa = XCBuildConfiguration;
			buildSettings = {
				ASSETCATALOG_COMPILER_APPICON_NAME = AppIcon;
				FRAMEWORK_SEARCH_PATHS = (
					"$(inherited)",
					"$(PROJECT_DIR)/KnowMyCandidateApp/Frameworks",
				);
				INFOPLIST_FILE = KnowMyCandidateApp/Info.plist;
				LD_RUNPATH_SEARCH_PATHS = "$(inherited) @executable_path/Frameworks";
				PRODUCT_BUNDLE_IDENTIFIER = ucla.KnowMyCandidateApp;
				PRODUCT_NAME = "$(TARGET_NAME)";
			};
			name = Release;
		};
/* End XCBuildConfiguration section */

/* Begin XCConfigurationList section */
		CB60A36F1BCD8F8C001690BE /* Build configuration list for PBXProject "KnowMyCandidateApp" */ = {
			isa = XCConfigurationList;
			buildConfigurations = (
				CB60A3891BCD8F8C001690BE /* Debug */,
				CB60A38A1BCD8F8C001690BE /* Release */,
			);
			defaultConfigurationIsVisible = 0;
			defaultConfigurationName = Release;
		};
		CB60A38B1BCD8F8C001690BE /* Build configuration list for PBXNativeTarget "KnowMyCandidateApp" */ = {
			isa = XCConfigurationList;
			buildConfigurations = (
				CB60A38C1BCD8F8C001690BE /* Debug */,
				CB60A38D1BCD8F8C001690BE /* Release */,
			);
			defaultConfigurationIsVisible = 0;
			defaultConfigurationName = Release;
		};
/* End XCConfigurationList section */
	};
	rootObject = CB60A36C1BCD8F8C001690BE /* Project object */;
}
