// !$*UTF8*$!
{
	archiveVersion = 1;
	classes = {
	};
	objectVersion = 46;
	objects = {

/* Begin PBXBuildFile section */
		CB6171101BCD8B2800DC1099 /* main.m in Sources */ = {isa = PBXBuildFile; fileRef = CB61710F1BCD8B2800DC1099 /* main.m */; };
		CB6171131BCD8B2800DC1099 /* AppDelegate.m in Sources */ = {isa = PBXBuildFile; fileRef = CB6171121BCD8B2800DC1099 /* AppDelegate.m */; };
		CB6171161BCD8B2800DC1099 /* KMCSignInViewController.m in Sources */ = {isa = PBXBuildFile; fileRef = CB6171151BCD8B2800DC1099 /* KMCSignInViewController.m */; };
		CB61711B1BCD8B2800DC1099 /* Assets.xcassets in Resources */ = {isa = PBXBuildFile; fileRef = CB61711A1BCD8B2800DC1099 /* Assets.xcassets */; };
		CB61711E1BCD8B2800DC1099 /* LaunchScreen.storyboard in Resources */ = {isa = PBXBuildFile; fileRef = CB61711C1BCD8B2800DC1099 /* LaunchScreen.storyboard */; };
		CB6171261BCD8BC600DC1099 /* AudioToolbox.framework in Frameworks */ = {isa = PBXBuildFile; fileRef = CB6171251BCD8BC600DC1099 /* AudioToolbox.framework */; };
		CB6171281BCD8BCF00DC1099 /* CFNetwork.framework in Frameworks */ = {isa = PBXBuildFile; fileRef = CB6171271BCD8BCF00DC1099 /* CFNetwork.framework */; };
		CB61712A1BCD8BD900DC1099 /* CoreGraphics.framework in Frameworks */ = {isa = PBXBuildFile; fileRef = CB6171291BCD8BD900DC1099 /* CoreGraphics.framework */; };
		CB61712C1BCD8BE000DC1099 /* CoreLocation.framework in Frameworks */ = {isa = PBXBuildFile; fileRef = CB61712B1BCD8BE000DC1099 /* CoreLocation.framework */; };
		CB61712E1BCD8BE900DC1099 /* QuartzCore.framework in Frameworks */ = {isa = PBXBuildFile; fileRef = CB61712D1BCD8BE900DC1099 /* QuartzCore.framework */; };
		CB6171301BCD8BF200DC1099 /* Security.framework in Frameworks */ = {isa = PBXBuildFile; fileRef = CB61712F1BCD8BF200DC1099 /* Security.framework */; };
		CB6171321BCD8BFB00DC1099 /* StoreKit.framework in Frameworks */ = {isa = PBXBuildFile; fileRef = CB6171311BCD8BFB00DC1099 /* StoreKit.framework */; };
		CB6171341BCD8C0400DC1099 /* SystemConfiguration.framework in Frameworks */ = {isa = PBXBuildFile; fileRef = CB6171331BCD8C0400DC1099 /* SystemConfiguration.framework */; };
		CB6171361BCD8C1800DC1099 /* libz.1.dylib in Frameworks */ = {isa = PBXBuildFile; fileRef = CB6171351BCD8C1800DC1099 /* libz.1.dylib */; };
		CB6171381BCD8C2C00DC1099 /* libsqlite3.dylib in Frameworks */ = {isa = PBXBuildFile; fileRef = CB6171371BCD8C2C00DC1099 /* libsqlite3.dylib */; };
		CB61713B1BCD8CA800DC1099 /* Bolts.framework in Frameworks */ = {isa = PBXBuildFile; fileRef = CB61713A1BCD8CA800DC1099 /* Bolts.framework */; settings = {ASSET_TAGS = (); }; };
		CB61713D1BCD8CAF00DC1099 /* Parse.framework in Frameworks */ = {isa = PBXBuildFile; fileRef = CB61713C1BCD8CAF00DC1099 /* Parse.framework */; settings = {ASSET_TAGS = (); }; };
/* End PBXBuildFile section */

/* Begin PBXFileReference section */
		CB61710B1BCD8B2800DC1099 /* KnowMyCandidate.app */ = {isa = PBXFileReference; explicitFileType = wrapper.application; includeInIndex = 0; path = KnowMyCandidate.app; sourceTree = BUILT_PRODUCTS_DIR; };
		CB61710F1BCD8B2800DC1099 /* main.m */ = {isa = PBXFileReference; lastKnownFileType = sourcecode.c.objc; path = main.m; sourceTree = "<group>"; };
		CB6171111BCD8B2800DC1099 /* AppDelegate.h */ = {isa = PBXFileReference; lastKnownFileType = sourcecode.c.h; path = AppDelegate.h; sourceTree = "<group>"; };
		CB6171121BCD8B2800DC1099 /* AppDelegate.m */ = {isa = PBXFileReference; lastKnownFileType = sourcecode.c.objc; path = AppDelegate.m; sourceTree = "<group>"; };
		CB6171141BCD8B2800DC1099 /* KMCSignInViewController.h */ = {isa = PBXFileReference; lastKnownFileType = sourcecode.c.h; path = KMCSignInViewController.h; sourceTree = "<group>"; };
		CB6171151BCD8B2800DC1099 /* KMCSignInViewController.m */ = {isa = PBXFileReference; lastKnownFileType = sourcecode.c.objc; path = KMCSignInViewController.m; sourceTree = "<group>"; };
		CB61711A1BCD8B2800DC1099 /* Assets.xcassets */ = {isa = PBXFileReference; lastKnownFileType = folder.assetcatalog; path = Assets.xcassets; sourceTree = "<group>"; };
		CB61711D1BCD8B2800DC1099 /* Base */ = {isa = PBXFileReference; lastKnownFileType = file.storyboard; name = Base; path = Base.lproj/LaunchScreen.storyboard; sourceTree = "<group>"; };
		CB61711F1BCD8B2800DC1099 /* Info.plist */ = {isa = PBXFileReference; lastKnownFileType = text.plist.xml; path = Info.plist; sourceTree = "<group>"; };
		CB6171251BCD8BC600DC1099 /* AudioToolbox.framework */ = {isa = PBXFileReference; lastKnownFileType = wrapper.framework; name = AudioToolbox.framework; path = System/Library/Frameworks/AudioToolbox.framework; sourceTree = SDKROOT; };
		CB6171271BCD8BCF00DC1099 /* CFNetwork.framework */ = {isa = PBXFileReference; lastKnownFileType = wrapper.framework; name = CFNetwork.framework; path = System/Library/Frameworks/CFNetwork.framework; sourceTree = SDKROOT; };
		CB6171291BCD8BD900DC1099 /* CoreGraphics.framework */ = {isa = PBXFileReference; lastKnownFileType = wrapper.framework; name = CoreGraphics.framework; path = System/Library/Frameworks/CoreGraphics.framework; sourceTree = SDKROOT; };
		CB61712B1BCD8BE000DC1099 /* CoreLocation.framework */ = {isa = PBXFileReference; lastKnownFileType = wrapper.framework; name = CoreLocation.framework; path = System/Library/Frameworks/CoreLocation.framework; sourceTree = SDKROOT; };
		CB61712D1BCD8BE900DC1099 /* QuartzCore.framework */ = {isa = PBXFileReference; lastKnownFileType = wrapper.framework; name = QuartzCore.framework; path = System/Library/Frameworks/QuartzCore.framework; sourceTree = SDKROOT; };
		CB61712F1BCD8BF200DC1099 /* Security.framework */ = {isa = PBXFileReference; lastKnownFileType = wrapper.framework; name = Security.framework; path = System/Library/Frameworks/Security.framework; sourceTree = SDKROOT; };
		CB6171311BCD8BFB00DC1099 /* StoreKit.framework */ = {isa = PBXFileReference; lastKnownFileType = wrapper.framework; name = StoreKit.framework; path = System/Library/Frameworks/StoreKit.framework; sourceTree = SDKROOT; };
		CB6171331BCD8C0400DC1099 /* SystemConfiguration.framework */ = {isa = PBXFileReference; lastKnownFileType = wrapper.framework; name = SystemConfiguration.framework; path = System/Library/Frameworks/SystemConfiguration.framework; sourceTree = SDKROOT; };
		CB6171351BCD8C1800DC1099 /* libz.1.dylib */ = {isa = PBXFileReference; lastKnownFileType = "compiled.mach-o.dylib"; name = libz.1.dylib; path = /usr/lib/libz.1.dylib; sourceTree = "<absolute>"; };
		CB6171371BCD8C2C00DC1099 /* libsqlite3.dylib */ = {isa = PBXFileReference; lastKnownFileType = "compiled.mach-o.dylib"; name = libsqlite3.dylib; path = /usr/lib/libsqlite3.dylib; sourceTree = "<absolute>"; };
		CB61713A1BCD8CA800DC1099 /* Bolts.framework */ = {isa = PBXFileReference; lastKnownFileType = wrapper.framework; name = Bolts.framework; path = KnowMyCandidate/Frameworks/Bolts.framework; sourceTree = "<group>"; };
		CB61713C1BCD8CAF00DC1099 /* Parse.framework */ = {isa = PBXFileReference; lastKnownFileType = wrapper.framework; name = Parse.framework; path = KnowMyCandidate/Frameworks/Parse.framework; sourceTree = "<group>"; };
/* End PBXFileReference section */

/* Begin PBXFrameworksBuildPhase section */
		CB6171081BCD8B2800DC1099 /* Frameworks */ = {
			isa = PBXFrameworksBuildPhase;
			buildActionMask = 2147483647;
			files = (
				CB6171381BCD8C2C00DC1099 /* libsqlite3.dylib in Frameworks */,
				CB6171361BCD8C1800DC1099 /* libz.1.dylib in Frameworks */,
				CB6171341BCD8C0400DC1099 /* SystemConfiguration.framework in Frameworks */,
				CB6171321BCD8BFB00DC1099 /* StoreKit.framework in Frameworks */,
				CB6171301BCD8BF200DC1099 /* Security.framework in Frameworks */,
				CB61712E1BCD8BE900DC1099 /* QuartzCore.framework in Frameworks */,
				CB61712C1BCD8BE000DC1099 /* CoreLocation.framework in Frameworks */,
				CB61712A1BCD8BD900DC1099 /* CoreGraphics.framework in Frameworks */,
				CB61713B1BCD8CA800DC1099 /* Bolts.framework in Frameworks */,
				CB6171281BCD8BCF00DC1099 /* CFNetwork.framework in Frameworks */,
				CB61713D1BCD8CAF00DC1099 /* Parse.framework in Frameworks */,
				CB6171261BCD8BC600DC1099 /* AudioToolbox.framework in Frameworks */,
			);
			runOnlyForDeploymentPostprocessing = 0;
		};
/* End PBXFrameworksBuildPhase section */

/* Begin PBXGroup section */
		CB6171021BCD8B2800DC1099 = {
			isa = PBXGroup;
			children = (
				CB61710D1BCD8B2800DC1099 /* KnowMyCandidate */,
				CB61710C1BCD8B2800DC1099 /* Products */,
			);
			sourceTree = "<group>";
		};
		CB61710C1BCD8B2800DC1099 /* Products */ = {
			isa = PBXGroup;
			children = (
				CB61710B1BCD8B2800DC1099 /* KnowMyCandidate.app */,
			);
			name = Products;
			sourceTree = "<group>";
		};
		CB61710D1BCD8B2800DC1099 /* KnowMyCandidate */ = {
			isa = PBXGroup;
			children = (
				CB6171111BCD8B2800DC1099 /* AppDelegate.h */,
				CB6171121BCD8B2800DC1099 /* AppDelegate.m */,
				CB6171141BCD8B2800DC1099 /* KMCSignInViewController.h */,
				CB6171151BCD8B2800DC1099 /* KMCSignInViewController.m */,
				CB61711A1BCD8B2800DC1099 /* Assets.xcassets */,
				CB61711C1BCD8B2800DC1099 /* LaunchScreen.storyboard */,
				CB61711F1BCD8B2800DC1099 /* Info.plist */,
				CB6171391BCD8C3E00DC1099 /* Frameworks */,
				CB61710E1BCD8B2800DC1099 /* Supporting Files */,
			);
			path = KnowMyCandidate;
			sourceTree = "<group>";
		};
		CB61710E1BCD8B2800DC1099 /* Supporting Files */ = {
			isa = PBXGroup;
			children = (
				CB61710F1BCD8B2800DC1099 /* main.m */,
			);
			name = "Supporting Files";
			sourceTree = "<group>";
		};
		CB6171391BCD8C3E00DC1099 /* Frameworks */ = {
			isa = PBXGroup;
			children = (
				CB61713C1BCD8CAF00DC1099 /* Parse.framework */,
				CB61713A1BCD8CA800DC1099 /* Bolts.framework */,
				CB6171371BCD8C2C00DC1099 /* libsqlite3.dylib */,
				CB6171351BCD8C1800DC1099 /* libz.1.dylib */,
				CB6171331BCD8C0400DC1099 /* SystemConfiguration.framework */,
				CB6171311BCD8BFB00DC1099 /* StoreKit.framework */,
				CB61712F1BCD8BF200DC1099 /* Security.framework */,
				CB61712D1BCD8BE900DC1099 /* QuartzCore.framework */,
				CB61712B1BCD8BE000DC1099 /* CoreLocation.framework */,
				CB6171291BCD8BD900DC1099 /* CoreGraphics.framework */,
				CB6171271BCD8BCF00DC1099 /* CFNetwork.framework */,
				CB6171251BCD8BC600DC1099 /* AudioToolbox.framework */,
			);
			name = Frameworks;
			path = ..;
			sourceTree = "<group>";
		};
/* End PBXGroup section */

/* Begin PBXNativeTarget section */
		CB61710A1BCD8B2800DC1099 /* KnowMyCandidate */ = {
			isa = PBXNativeTarget;
			buildConfigurationList = CB6171221BCD8B2800DC1099 /* Build configuration list for PBXNativeTarget "KnowMyCandidate" */;
			buildPhases = (
				CB6171071BCD8B2800DC1099 /* Sources */,
				CB6171081BCD8B2800DC1099 /* Frameworks */,
				CB6171091BCD8B2800DC1099 /* Resources */,
			);
			buildRules = (
			);
			dependencies = (
			);
			name = KnowMyCandidate;
			productName = KnowMyCandidate;
			productReference = CB61710B1BCD8B2800DC1099 /* KnowMyCandidate.app */;
			productType = "com.apple.product-type.application";
		};
/* End PBXNativeTarget section */

/* Begin PBXProject section */
		CB6171031BCD8B2800DC1099 /* Project object */ = {
			isa = PBXProject;
			attributes = {
				LastUpgradeCheck = 0700;
				ORGANIZATIONNAME = "Samir Choudhary";
				TargetAttributes = {
					CB61710A1BCD8B2800DC1099 = {
						CreatedOnToolsVersion = 7.0.1;
					};
				};
			};
			buildConfigurationList = CB6171061BCD8B2800DC1099 /* Build configuration list for PBXProject "KnowMyCandidate" */;
			compatibilityVersion = "Xcode 3.2";
			developmentRegion = English;
			hasScannedForEncodings = 0;
			knownRegions = (
				en,
				Base,
			);
			mainGroup = CB6171021BCD8B2800DC1099;
			productRefGroup = CB61710C1BCD8B2800DC1099 /* Products */;
			projectDirPath = "";
			projectRoot = "";
			targets = (
				CB61710A1BCD8B2800DC1099 /* KnowMyCandidate */,
			);
		};
/* End PBXProject section */

/* Begin PBXResourcesBuildPhase section */
		CB6171091BCD8B2800DC1099 /* Resources */ = {
			isa = PBXResourcesBuildPhase;
			buildActionMask = 2147483647;
			files = (
				CB61711E1BCD8B2800DC1099 /* LaunchScreen.storyboard in Resources */,
				CB61711B1BCD8B2800DC1099 /* Assets.xcassets in Resources */,
			);
			runOnlyForDeploymentPostprocessing = 0;
		};
/* End PBXResourcesBuildPhase section */

/* Begin PBXSourcesBuildPhase section */
		CB6171071BCD8B2800DC1099 /* Sources */ = {
			isa = PBXSourcesBuildPhase;
			buildActionMask = 2147483647;
			files = (
				CB6171161BCD8B2800DC1099 /* KMCSignInViewController.m in Sources */,
				CB6171131BCD8B2800DC1099 /* AppDelegate.m in Sources */,
				CB6171101BCD8B2800DC1099 /* main.m in Sources */,
			);
			runOnlyForDeploymentPostprocessing = 0;
		};
/* End PBXSourcesBuildPhase section */

/* Begin PBXVariantGroup section */
		CB61711C1BCD8B2800DC1099 /* LaunchScreen.storyboard */ = {
			isa = PBXVariantGroup;
			children = (
				CB61711D1BCD8B2800DC1099 /* Base */,
			);
			name = LaunchScreen.storyboard;
			sourceTree = "<group>";
		};
/* End PBXVariantGroup section */

/* Begin XCBuildConfiguration section */
		CB6171201BCD8B2800DC1099 /* Debug */ = {
			isa = XCBuildConfiguration;
			buildSettings = {
				ALWAYS_SEARCH_USER_PATHS = NO;
				CLANG_CXX_LANGUAGE_STANDARD = "gnu++0x";
				CLANG_CXX_LIBRARY = "libc++";
				CLANG_ENABLE_MODULES = YES;
				CLANG_ENABLE_OBJC_ARC = YES;
				CLANG_WARN_BOOL_CONVERSION = YES;
				CLANG_WARN_CONSTANT_CONVERSION = YES;
				CLANG_WARN_DIRECT_OBJC_ISA_USAGE = YES_ERROR;
				CLANG_WARN_EMPTY_BODY = YES;
				CLANG_WARN_ENUM_CONVERSION = YES;
				CLANG_WARN_INT_CONVERSION = YES;
				CLANG_WARN_OBJC_ROOT_CLASS = YES_ERROR;
				CLANG_WARN_UNREACHABLE_CODE = YES;
				CLANG_WARN__DUPLICATE_METHOD_MATCH = YES;
				"CODE_SIGN_IDENTITY[sdk=iphoneos*]" = "iPhone Developer";
				COPY_PHASE_STRIP = NO;
				DEBUG_INFORMATION_FORMAT = dwarf;
				ENABLE_STRICT_OBJC_MSGSEND = YES;
				ENABLE_TESTABILITY = YES;
				GCC_C_LANGUAGE_STANDARD = gnu99;
				GCC_DYNAMIC_NO_PIC = NO;
				GCC_NO_COMMON_BLOCKS = YES;
				GCC_OPTIMIZATION_LEVEL = 0;
				GCC_PREPROCESSOR_DEFINITIONS = (
					"DEBUG=1",
					"$(inherited)",
				);
				GCC_WARN_64_TO_32_BIT_CONVERSION = YES;
				GCC_WARN_ABOUT_RETURN_TYPE = YES_ERROR;
				GCC_WARN_UNDECLARED_SELECTOR = YES;
				GCC_WARN_UNINITIALIZED_AUTOS = YES_AGGRESSIVE;
				GCC_WARN_UNUSED_FUNCTION = YES;
				GCC_WARN_UNUSED_VARIABLE = YES;
				IPHONEOS_DEPLOYMENT_TARGET = 9.0;
				MTL_ENABLE_DEBUG_INFO = YES;
				ONLY_ACTIVE_ARCH = YES;
				SDKROOT = iphoneos;
			};
			name = Debug;
		};
		CB6171211BCD8B2800DC1099 /* Release */ = {
			isa = XCBuildConfiguration;
			buildSettings = {
				ALWAYS_SEARCH_USER_PATHS = NO;
				CLANG_CXX_LANGUAGE_STANDARD = "gnu++0x";
				CLANG_CXX_LIBRARY = "libc++";
				CLANG_ENABLE_MODULES = YES;
				CLANG_ENABLE_OBJC_ARC = YES;
				CLANG_WARN_BOOL_CONVERSION = YES;
				CLANG_WARN_CONSTANT_CONVERSION = YES;
				CLANG_WARN_DIRECT_OBJC_ISA_USAGE = YES_ERROR;
				CLANG_WARN_EMPTY_BODY = YES;
				CLANG_WARN_ENUM_CONVERSION = YES;
				CLANG_WARN_INT_CONVERSION = YES;
				CLANG_WARN_OBJC_ROOT_CLASS = YES_ERROR;
				CLANG_WARN_UNREACHABLE_CODE = YES;
				CLANG_WARN__DUPLICATE_METHOD_MATCH = YES;
				"CODE_SIGN_IDENTITY[sdk=iphoneos*]" = "iPhone Developer";
				COPY_PHASE_STRIP = NO;
				DEBUG_INFORMATION_FORMAT = "dwarf-with-dsym";
				ENABLE_NS_ASSERTIONS = NO;
				ENABLE_STRICT_OBJC_MSGSEND = YES;
				GCC_C_LANGUAGE_STANDARD = gnu99;
				GCC_NO_COMMON_BLOCKS = YES;
				GCC_WARN_64_TO_32_BIT_CONVERSION = YES;
				GCC_WARN_ABOUT_RETURN_TYPE = YES_ERROR;
				GCC_WARN_UNDECLARED_SELECTOR = YES;
				GCC_WARN_UNINITIALIZED_AUTOS = YES_AGGRESSIVE;
				GCC_WARN_UNUSED_FUNCTION = YES;
				GCC_WARN_UNUSED_VARIABLE = YES;
				IPHONEOS_DEPLOYMENT_TARGET = 9.0;
				MTL_ENABLE_DEBUG_INFO = NO;
				SDKROOT = iphoneos;
				VALIDATE_PRODUCT = YES;
			};
			name = Release;
		};
		CB6171231BCD8B2800DC1099 /* Debug */ = {
			isa = XCBuildConfiguration;
			buildSettings = {
				ASSETCATALOG_COMPILER_APPICON_NAME = AppIcon;
				FRAMEWORK_SEARCH_PATHS = (
					"$(inherited)",
					"$(PROJECT_DIR)/KnowMyCandidate/Frameworks",
				);
				INFOPLIST_FILE = KnowMyCandidate/Info.plist;
				LD_RUNPATH_SEARCH_PATHS = "$(inherited) @executable_path/Frameworks";
				PRODUCT_BUNDLE_IDENTIFIER = ucla.KnowMyCandidate;
				PRODUCT_NAME = "$(TARGET_NAME)";
			};
			name = Debug;
		};
		CB6171241BCD8B2800DC1099 /* Release */ = {
			isa = XCBuildConfiguration;
			buildSettings = {
				ASSETCATALOG_COMPILER_APPICON_NAME = AppIcon;
				FRAMEWORK_SEARCH_PATHS = (
					"$(inherited)",
					"$(PROJECT_DIR)/KnowMyCandidate/Frameworks",
				);
				INFOPLIST_FILE = KnowMyCandidate/Info.plist;
				LD_RUNPATH_SEARCH_PATHS = "$(inherited) @executable_path/Frameworks";
				PRODUCT_BUNDLE_IDENTIFIER = ucla.KnowMyCandidate;
				PRODUCT_NAME = "$(TARGET_NAME)";
			};
			name = Release;
		};
/* End XCBuildConfiguration section */

/* Begin XCConfigurationList section */
		CB6171061BCD8B2800DC1099 /* Build configuration list for PBXProject "KnowMyCandidate" */ = {
			isa = XCConfigurationList;
			buildConfigurations = (
				CB6171201BCD8B2800DC1099 /* Debug */,
				CB6171211BCD8B2800DC1099 /* Release */,
			);
			defaultConfigurationIsVisible = 0;
			defaultConfigurationName = Release;
		};
		CB6171221BCD8B2800DC1099 /* Build configuration list for PBXNativeTarget "KnowMyCandidate" */ = {
			isa = XCConfigurationList;
			buildConfigurations = (
				CB6171231BCD8B2800DC1099 /* Debug */,
				CB6171241BCD8B2800DC1099 /* Release */,
			);
			defaultConfigurationIsVisible = 0;
		};
/* End XCConfigurationList section */
	};
	rootObject = CB6171031BCD8B2800DC1099 /* Project object */;
}
